
Microsoft Visual Studio Solution File, Format Version 12.00
# Visual Studio Version 17
VisualStudioVersion = 17.8.34330.188
MinimumVisualStudioVersion = 10.0.40219.1
Project("{FAE04EC0-301F-11D3-BF4B-00C04F79EFBC}") = "CompositeExample", "CompositeExample\CompositeExample.csproj", "{A34E150A-6283-4697-97E8-5FFB0FAC2FA9}"
EndProject
Global
	GlobalSection(SolutionConfigurationPlatforms) = preSolution
		Debug|Any CPU = Debug|Any CPU
		Release|Any CPU = Release|Any CPU
	EndGlobalSection
	GlobalSection(ProjectConfigurationPlatforms) = postSolution
		{A34E150A-6283-4697-97E8-5FFB0FAC2FA9}.Debug|Any CPU.ActiveCfg = Debug|Any CPU
		{A34E150A-6283-4697-97E8-5FFB0FAC2FA9}.Debug|Any CPU.Build.0 = Debug|Any CPU
		{A34E150A-6283-4697-97E8-5FFB0FAC2FA9}.Release|Any CPU.ActiveCfg = Release|Any CPU
		{A34E150A-6283-4697-97E8-5FFB0FAC2FA9}.Release|Any CPU.Build.0 = Release|Any CPU
	EndGlobalSection
	GlobalSection(SolutionProperties) = preSolution
		HideSolutionNode = FALSE
	EndGlobalSection
	GlobalSection(ExtensibilityGlobals) = postSolution
		SolutionGuid = {BA46DCE5-3022-4FAB-B56C-5891873A29CD}
	EndGlobalSection
EndGlobal
